<Solution>
  <Project Path="ElleMapper.MySql/ElleMapper.MySql.csproj" Id="bb30df03-2357-4778-a93c-3f36741d29de" />
  <Project Path="ElleMapper.SqlServer/ElleMapper.SqlServer.csproj" Id="b7064515-e7ff-4383-8bff-921a60a181e7" />
  <Project Path="ElleMapper/ElleMapper.csproj" Id="df0d8505-caa4-42ed-9a77-8af2d6ffec4c" />
  <Project Path="ElleMapper.Tools/ElleMapper.Tools.csproj" Id="81add273-bca0-4731-962d-e06b4da6407f" />
</Solution>
